
Microsoft Visual Studio Solution File, Format Version 12.00
# Visual Studio Version 17
VisualStudioVersion = 17.0.32112.339
MinimumVisualStudioVersion = 10.0.40219.1
Project("{9A19103F-16F7-4668-BE54-9A1E7A4F7556}") = "ComputerStore", "ComputerStore\ComputerStore.csproj", "{34EEE437-D642-4F45-B1D3-7DB41DE91BED}"
EndProject
Global
	GlobalSection(SolutionConfigurationPlatforms) = preSolution
		Debug|Any CPU = Debug|Any CPU
		Release|Any CPU = Release|Any CPU
	EndGlobalSection
	GlobalSection(ProjectConfigurationPlatforms) = postSolution
		{34EEE437-D642-4F45-B1D3-7DB41DE91BED}.Debug|Any CPU.ActiveCfg = Debug|Any CPU
		{34EEE437-D642-4F45-B1D3-7DB41DE91BED}.Debug|Any CPU.Build.0 = Debug|Any CPU
		{34EEE437-D642-4F45-B1D3-7DB41DE91BED}.Release|Any CPU.ActiveCfg = Release|Any CPU
		{34EEE437-D642-4F45-B1D3-7DB41DE91BED}.Release|Any CPU.Build.0 = Release|Any CPU
	EndGlobalSection
	GlobalSection(SolutionProperties) = preSolution
		HideSolutionNode = FALSE
	EndGlobalSection
	GlobalSection(ExtensibilityGlobals) = postSolution
		SolutionGuid = {15E0B1BC-03C2-4988-8F8A-DA34F7A38E30}
	EndGlobalSection
EndGlobal
